
Microsoft Visual Studio Solution File, Format Version 12.00
# Visual Studio Version 17
VisualStudioVersion = 17.1.32210.238
MinimumVisualStudioVersion = 10.0.40219.1
Project("{FAE04EC0-301F-11D3-BF4B-00C04F79EFBC}") = "Laba5", "Laba5\Laba5.csproj", "{ED504112-CBC8-46B6-AEB6-30DB72D3A66B}"
EndProject
Global
	GlobalSection(SolutionConfigurationPlatforms) = preSolution
		Debug|Any CPU = Debug|Any CPU
		Release|Any CPU = Release|Any CPU
	EndGlobalSection
	GlobalSection(ProjectConfigurationPlatforms) = postSolution
		{ED504112-CBC8-46B6-AEB6-30DB72D3A66B}.Debug|Any CPU.ActiveCfg = Debug|Any CPU
		{ED504112-CBC8-46B6-AEB6-30DB72D3A66B}.Debug|Any CPU.Build.0 = Debug|Any CPU
		{ED504112-CBC8-46B6-AEB6-30DB72D3A66B}.Release|Any CPU.ActiveCfg = Release|Any CPU
		{ED504112-CBC8-46B6-AEB6-30DB72D3A66B}.Release|Any CPU.Build.0 = Release|Any CPU
	EndGlobalSection
	GlobalSection(SolutionProperties) = preSolution
		HideSolutionNode = FALSE
	EndGlobalSection
	GlobalSection(ExtensibilityGlobals) = postSolution
		SolutionGuid = {75ECC18B-483B-4294-BBED-5A8DB0847D63}
	EndGlobalSection
EndGlobal
